
Microsoft Visual Studio Solution File, Format Version 12.00
# Visual Studio Version 16
VisualStudioVersion = 16.0.30320.27
MinimumVisualStudioVersion = 10.0.40219.1
Project("{FAE04EC0-301F-11D3-BF4B-00C04F79EFBC}") = "BlazorComponent.Server", "Server\BlazorComponent.Server.csproj", "{13758AB7-FF1D-4392-8FB8-271061615831}"
EndProject
Project("{FAE04EC0-301F-11D3-BF4B-00C04F79EFBC}") = "BlazorComponent.Client", "Client\BlazorComponent.Client.csproj", "{7DB0C4CB-D0D7-4EAE-8C87-2713178278D4}"
EndProject
Project("{FAE04EC0-301F-11D3-BF4B-00C04F79EFBC}") = "BlazorComponent.Shared", "Shared\BlazorComponent.Shared.csproj", "{020C33DC-1ACF-4129-AC16-6290A073156A}"
EndProject
Global
	GlobalSection(SolutionConfigurationPlatforms) = preSolution
		Debug|Any CPU = Debug|Any CPU
		Release|Any CPU = Release|Any CPU
	EndGlobalSection
	GlobalSection(ProjectConfigurationPlatforms) = postSolution
		{13758AB7-FF1D-4392-8FB8-271061615831}.Debug|Any CPU.ActiveCfg = Debug|Any CPU
		{13758AB7-FF1D-4392-8FB8-271061615831}.Debug|Any CPU.Build.0 = Debug|Any CPU
		{13758AB7-FF1D-4392-8FB8-271061615831}.Release|Any CPU.ActiveCfg = Release|Any CPU
		{13758AB7-FF1D-4392-8FB8-271061615831}.Release|Any CPU.Build.0 = Release|Any CPU
		{7DB0C4CB-D0D7-4EAE-8C87-2713178278D4}.Debug|Any CPU.ActiveCfg = Debug|Any CPU
		{7DB0C4CB-D0D7-4EAE-8C87-2713178278D4}.Debug|Any CPU.Build.0 = Debug|Any CPU
		{7DB0C4CB-D0D7-4EAE-8C87-2713178278D4}.Release|Any CPU.ActiveCfg = Release|Any CPU
		{7DB0C4CB-D0D7-4EAE-8C87-2713178278D4}.Release|Any CPU.Build.0 = Release|Any CPU
		{020C33DC-1ACF-4129-AC16-6290A073156A}.Debug|Any CPU.ActiveCfg = Debug|Any CPU
		{020C33DC-1ACF-4129-AC16-6290A073156A}.Debug|Any CPU.Build.0 = Debug|Any CPU
		{020C33DC-1ACF-4129-AC16-6290A073156A}.Release|Any CPU.ActiveCfg = Release|Any CPU
		{020C33DC-1ACF-4129-AC16-6290A073156A}.Release|Any CPU.Build.0 = Release|Any CPU
	EndGlobalSection
	GlobalSection(SolutionProperties) = preSolution
		HideSolutionNode = FALSE
	EndGlobalSection
	GlobalSection(ExtensibilityGlobals) = postSolution
		SolutionGuid = {F9CCDE29-E421-434B-9598-20A8572BDE9E}
	EndGlobalSection
EndGlobal
